// !$*UTF8*$!
{
	archiveVersion = 1;
	classes = {
	};
	objectVersion = 48;
	objects = {

/* Begin PBXBuildFile section */
		8BF1FF8E1FA21E590045F29D /* AppDelegate.swift in Sources */ = {isa = PBXBuildFile; fileRef = 8BF1FF8D1FA21E590045F29D /* AppDelegate.swift */; };
		8BF1FF901FA21E590045F29D /* ViewController.swift in Sources */ = {isa = PBXBuildFile; fileRef = 8BF1FF8F1FA21E590045F29D /* ViewController.swift */; };
		8BF1FF931FA21E590045F29D /* Main.storyboard in Resources */ = {isa = PBXBuildFile; fileRef = 8BF1FF911FA21E590045F29D /* Main.storyboard */; };
		8BF1FF951FA21E590045F29D /* Assets.xcassets in Resources */ = {isa = PBXBuildFile; fileRef = 8BF1FF941FA21E590045F29D /* Assets.xcassets */; };
		8BF1FF981FA21E590045F29D /* LaunchScreen.storyboard in Resources */ = {isa = PBXBuildFile; fileRef = 8BF1FF961FA21E590045F29D /* LaunchScreen.storyboard */; };
/* End PBXBuildFile section */

/* Begin PBXFileReference section */
		8BF1FF8A1FA21E590045F29D /* YoutubeVideoPlayerViewController.app */ = {isa = PBXFileReference; explicitFileType = wrapper.application; includeInIndex = 0; path = YoutubeVideoPlayerViewController.app; sourceTree = BUILT_PRODUCTS_DIR; };
		8BF1FF8D1FA21E590045F29D /* AppDelegate.swift */ = {isa = PBXFileReference; lastKnownFileType = sourcecode.swift; path = AppDelegate.swift; sourceTree = "<group>"; };
		8BF1FF8F1FA21E590045F29D /* ViewController.swift */ = {isa = PBXFileReference; lastKnownFileType = sourcecode.swift; path = ViewController.swift; sourceTree = "<group>"; };
		8BF1FF921FA21E590045F29D /* Base */ = {isa = PBXFileReference; lastKnownFileType = file.storyboard; name = Base; path = Base.lproj/Main.storyboard; sourceTree = "<group>"; };
		8BF1FF941FA21E590045F29D /* Assets.xcassets */ = {isa = PBXFileReference; lastKnownFileType = folder.assetcatalog; path = Assets.xcassets; sourceTree = "<group>"; };
		8BF1FF971FA21E590045F29D /* Base */ = {isa = PBXFileReference; lastKnownFileType = file.storyboard; name = Base; path = Base.lproj/LaunchScreen.storyboard; sourceTree = "<group>"; };
		8BF1FF991FA21E590045F29D /* Info.plist */ = {isa = PBXFileReference; lastKnownFileType = text.plist.xml; path = Info.plist; sourceTree = "<group>"; };
/* End PBXFileReference section */

/* Begin PBXFrameworksBuildPhase section */
		8BF1FF871FA21E590045F29D /* Frameworks */ = {
			isa = PBXFrameworksBuildPhase;
			buildActionMask = 2147483647;
			files = (
			);
			runOnlyForDeploymentPostprocessing = 0;
		};
/* End PBXFrameworksBuildPhase section */

/* Begin PBXGroup section */
		8BF1FF811FA21E590045F29D = {
			isa = PBXGroup;
			children = (
				8BF1FF8C1FA21E590045F29D /* YoutubeVideoPlayerViewController */,
				8BF1FF8B1FA21E590045F29D /* Products */,
			);
			sourceTree = "<group>";
		};
		8BF1FF8B1FA21E590045F29D /* Products */ = {
			isa = PBXGroup;
			children = (
				8BF1FF8A1FA21E590045F29D /* YoutubeVideoPlayerViewController.app */,
			);
			name = Products;
			sourceTree = "<group>";
		};
		8BF1FF8C1FA21E590045F29D /* YoutubeVideoPlayerViewController */ = {
			isa = PBXGroup;
			children = (
				8BF1FF8D1FA21E590045F29D /* AppDelegate.swift */,
				8BF1FF8F1FA21E590045F29D /* ViewController.swift */,
				8BF1FF911FA21E590045F29D /* Main.storyboard */,
				8BF1FF941FA21E590045F29D /* Assets.xcassets */,
				8BF1FF961FA21E590045F29D /* LaunchScreen.storyboard */,
				8BF1FF991FA21E590045F29D /* Info.plist */,
			);
			path = YoutubeVideoPlayerViewController;
			sourceTree = "<group>";
		};
/* End PBXGroup section */

/* Begin PBXNativeTarget section */
		8BF1FF891FA21E590045F29D /* YoutubeVideoPlayerViewController */ = {
			isa = PBXNativeTarget;
			buildConfigurationList = 8BF1FF9C1FA21E590045F29D /* Build configuration list for PBXNativeTarget "YoutubeVideoPlayerViewController" */;
			buildPhases = (
				8BF1FF861FA21E590045F29D /* Sources */,
				8BF1FF871FA21E590045F29D /* Frameworks */,
				8BF1FF881FA21E590045F29D /* Resources */,
			);
			buildRules = (
			);
			dependencies = (
			);
			name = YoutubeVideoPlayerViewController;
			productName = YoutubeVideoPlayerViewController;
			productReference = 8BF1FF8A1FA21E590045F29D /* YoutubeVideoPlayerViewController.app */;
			productType = "com.apple.product-type.application";
		};
/* End PBXNativeTarget section */

/* Begin PBXProject section */
		8BF1FF821FA21E590045F29D /* Project object */ = {
			isa = PBXProject;
			attributes = {
				LastSwiftUpdateCheck = 0910;
				LastUpgradeCheck = 0910;
				ORGANIZATIONNAME = com.smg;
				TargetAttributes = {
					8BF1FF891FA21E590045F29D = {
						CreatedOnToolsVersion = 9.1;
						ProvisioningStyle = Automatic;
					};
				};
			};
			buildConfigurationList = 8BF1FF851FA21E590045F29D /* Build configuration list for PBXProject "YoutubeVideoPlayerViewController" */;
			compatibilityVersion = "Xcode 8.0";
			developmentRegion = en;
			hasScannedForEncodings = 0;
			knownRegions = (
				en,
				Base,
			);
			mainGroup = 8BF1FF811FA21E590045F29D;
			productRefGroup = 8BF1FF8B1FA21E590045F29D /* Products */;
			projectDirPath = "";
			projectRoot = "";
			targets = (
				8BF1FF891FA21E590045F29D /* YoutubeVideoPlayerViewController */,
			);
		};
/* End PBXProject section */

/* Begin PBXResourcesBuildPhase section */
		8BF1FF881FA21E590045F29D /* Resources */ = {
			isa = PBXResourcesBuildPhase;
			buildActionMask = 2147483647;
			files = (
				8BF1FF981FA21E590045F29D /* LaunchScreen.storyboard in Resources */,
				8BF1FF951FA21E590045F29D /* Assets.xcassets in Resources */,
				8BF1FF931FA21E590045F29D /* Main.storyboard in Resources */,
			);
			runOnlyForDeploymentPostprocessing = 0;
		};
/* End PBXResourcesBuildPhase section */

/* Begin PBXSourcesBuildPhase section */
		8BF1FF861FA21E590045F29D /* Sources */ = {
			isa = PBXSourcesBuildPhase;
			buildActionMask = 2147483647;
			files = (
				8BF1FF901FA21E590045F29D /* ViewController.swift in Sources */,
				8BF1FF8E1FA21E590045F29D /* AppDelegate.swift in Sources */,
			);
			runOnlyForDeploymentPostprocessing = 0;
		};
/* End PBXSourcesBuildPhase section */

/* Begin PBXVariantGroup section */
		8BF1FF911FA21E590045F29D /* Main.storyboard */ = {
			isa = PBXVariantGroup;
			children = (
				8BF1FF921FA21E590045F29D /* Base */,
			);
			name = Main.storyboard;
			sourceTree = "<group>";
		};
		8BF1FF961FA21E590045F29D /* LaunchScreen.storyboard */ = {
			isa = PBXVariantGroup;
			children = (
				8BF1FF971FA21E590045F29D /* Base */,
			);
			name = LaunchScreen.storyboard;
			sourceTree = "<group>";
		};
/* End PBXVariantGroup section */

/* Begin XCBuildConfiguration section */
		8BF1FF9A1FA21E590045F29D /* Debug */ = {
			isa = XCBuildConfiguration;
			buildSettings = {
				ALWAYS_SEARCH_USER_PATHS = NO;
				CLANG_ANALYZER_NONNULL = YES;
				CLANG_ANALYZER_NUMBER_OBJECT_CONVERSION = YES_AGGRESSIVE;
				CLANG_CXX_LANGUAGE_STANDARD = "gnu++14";
				CLANG_CXX_LIBRARY = "libc++";
				CLANG_ENABLE_MODULES = YES;
				CLANG_ENABLE_OBJC_ARC = YES;
				CLANG_WARN_BLOCK_CAPTURE_AUTORELEASING = YES;
				CLANG_WARN_BOOL_CONVERSION = YES;
				CLANG_WARN_COMMA = YES;
				CLANG_WARN_CONSTANT_CONVERSION = YES;
				CLANG_WARN_DIRECT_OBJC_ISA_USAGE = YES_ERROR;
				CLANG_WARN_DOCUMENTATION_COMMENTS = YES;
				CLANG_WARN_EMPTY_BODY = YES;
				CLANG_WARN_ENUM_CONVERSION = YES;
				CLANG_WARN_INFINITE_RECURSION = YES;
				CLANG_WARN_INT_CONVERSION = YES;
				CLANG_WARN_NON_LITERAL_NULL_CONVERSION = YES;
				CLANG_WARN_OBJC_LITERAL_CONVERSION = YES;
				CLANG_WARN_OBJC_ROOT_CLASS = YES_ERROR;
				CLANG_WARN_RANGE_LOOP_ANALYSIS = YES;
				CLANG_WARN_STRICT_PROTOTYPES = YES;
				CLANG_WARN_SUSPICIOUS_MOVE = YES;
				CLANG_WARN_UNGUARDED_AVAILABILITY = YES_AGGRESSIVE;
				CLANG_WARN_UNREACHABLE_CODE = YES;
				CLANG_WARN__DUPLICATE_METHOD_MATCH = YES;
				CODE_SIGN_IDENTITY = "iPhone Developer";
				COPY_PHASE_STRIP = NO;
				DEBUG_INFORMATION_FORMAT = dwarf;
				ENABLE_STRICT_OBJC_MSGSEND = YES;
				ENABLE_TESTABILITY = YES;
				GCC_C_LANGUAGE_STANDARD = gnu11;
				GCC_DYNAMIC_NO_PIC = NO;
				GCC_NO_COMMON_BLOCKS = YES;
				GCC_OPTIMIZATION_LEVEL = 0;
				GCC_PREPROCESSOR_DEFINITIONS = (
					"DEBUG=1",
					"$(inherited)",
				);
				GCC_WARN_64_TO_32_BIT_CONVERSION = YES;
				GCC_WARN_ABOUT_RETURN_TYPE = YES_ERROR;
				GCC_WARN_UNDECLARED_SELECTOR = YES;
				GCC_WARN_UNINITIALIZED_AUTOS = YES_AGGRESSIVE;
				GCC_WARN_UNUSED_FUNCTION = YES;
				GCC_WARN_UNUSED_VARIABLE = YES;
				IPHONEOS_DEPLOYMENT_TARGET = 11.1;
				MTL_ENABLE_DEBUG_INFO = YES;
				ONLY_ACTIVE_ARCH = YES;
				SDKROOT = iphoneos;
				SWIFT_ACTIVE_COMPILATION_CONDITIONS = DEBUG;
				SWIFT_OPTIMIZATION_LEVEL = "-Onone";
			};
			name = Debug;
		};
		8BF1FF9B1FA21E590045F29D /* Release */ = {
			isa = XCBuildConfiguration;
			buildSettings = {
				ALWAYS_SEARCH_USER_PATHS = NO;
				CLANG_ANALYZER_NONNULL = YES;
				CLANG_ANALYZER_NUMBER_OBJECT_CONVERSION = YES_AGGRESSIVE;
				CLANG_CXX_LANGUAGE_STANDARD = "gnu++14";
				CLANG_CXX_LIBRARY = "libc++";
				CLANG_ENABLE_MODULES = YES;
				CLANG_ENABLE_OBJC_ARC = YES;
				CLANG_WARN_BLOCK_CAPTURE_AUTORELEASING = YES;
				CLANG_WARN_BOOL_CONVERSION = YES;
				CLANG_WARN_COMMA = YES;
				CLANG_WARN_CONSTANT_CONVERSION = YES;
				CLANG_WARN_DIRECT_OBJC_ISA_USAGE = YES_ERROR;
				CLANG_WARN_DOCUMENTATION_COMMENTS = YES;
				CLANG_WARN_EMPTY_BODY = YES;
				CLANG_WARN_ENUM_CONVERSION = YES;
				CLANG_WARN_INFINITE_RECURSION = YES;
				CLANG_WARN_INT_CONVERSION = YES;
				CLANG_WARN_NON_LITERAL_NULL_CONVERSION = YES;
				CLANG_WARN_OBJC_LITERAL_CONVERSION = YES;
				CLANG_WARN_OBJC_ROOT_CLASS = YES_ERROR;
				CLANG_WARN_RANGE_LOOP_ANALYSIS = YES;
				CLANG_WARN_STRICT_PROTOTYPES = YES;
				CLANG_WARN_SUSPICIOUS_MOVE = YES;
				CLANG_WARN_UNGUARDED_AVAILABILITY = YES_AGGRESSIVE;
				CLANG_WARN_UNREACHABLE_CODE = YES;
				CLANG_WARN__DUPLICATE_METHOD_MATCH = YES;
				CODE_SIGN_IDENTITY = "iPhone Developer";
				COPY_PHASE_STRIP = NO;
				DEBUG_INFORMATION_FORMAT = "dwarf-with-dsym";
				ENABLE_NS_ASSERTIONS = NO;
				ENABLE_STRICT_OBJC_MSGSEND = YES;
				GCC_C_LANGUAGE_STANDARD = gnu11;
				GCC_NO_COMMON_BLOCKS = YES;
				GCC_WARN_64_TO_32_BIT_CONVERSION = YES;
				GCC_WARN_ABOUT_RETURN_TYPE = YES_ERROR;
				GCC_WARN_UNDECLARED_SELECTOR = YES;
				GCC_WARN_UNINITIALIZED_AUTOS = YES_AGGRESSIVE;
				GCC_WARN_UNUSED_FUNCTION = YES;
				GCC_WARN_UNUSED_VARIABLE = YES;
				IPHONEOS_DEPLOYMENT_TARGET = 11.1;
				MTL_ENABLE_DEBUG_INFO = NO;
				SDKROOT = iphoneos;
				SWIFT_OPTIMIZATION_LEVEL = "-Owholemodule";
				VALIDATE_PRODUCT = YES;
			};
			name = Release;
		};
		8BF1FF9D1FA21E590045F29D /* Debug */ = {
			isa = XCBuildConfiguration;
			buildSettings = {
				ASSETCATALOG_COMPILER_APPICON_NAME = AppIcon;
				CODE_SIGN_STYLE = Automatic;
				DEVELOPMENT_TEAM = CU3LKXLMCE;
				INFOPLIST_FILE = YoutubeVideoPlayerViewController/Info.plist;
				LD_RUNPATH_SEARCH_PATHS = "$(inherited) @executable_path/Frameworks";
				PRODUCT_BUNDLE_IDENTIFIER = smg.YoutubeVideoPlayerViewController;
				PRODUCT_NAME = "$(TARGET_NAME)";
				SWIFT_VERSION = 4.0;
				TARGETED_DEVICE_FAMILY = "1,2";
			};
			name = Debug;
		};
		8BF1FF9E1FA21E590045F29D /* Release */ = {
			isa = XCBuildConfiguration;
			buildSettings = {
				ASSETCATALOG_COMPILER_APPICON_NAME = AppIcon;
				CODE_SIGN_STYLE = Automatic;
				DEVELOPMENT_TEAM = CU3LKXLMCE;
				INFOPLIST_FILE = YoutubeVideoPlayerViewController/Info.plist;
				LD_RUNPATH_SEARCH_PATHS = "$(inherited) @executable_path/Frameworks";
				PRODUCT_BUNDLE_IDENTIFIER = smg.YoutubeVideoPlayerViewController;
				PRODUCT_NAME = "$(TARGET_NAME)";
				SWIFT_VERSION = 4.0;
				TARGETED_DEVICE_FAMILY = "1,2";
			};
			name = Release;
		};
/* End XCBuildConfiguration section */

/* Begin XCConfigurationList section */
		8BF1FF851FA21E590045F29D /* Build configuration list for PBXProject "YoutubeVideoPlayerViewController" */ = {
			isa = XCConfigurationList;
			buildConfigurations = (
				8BF1FF9A1FA21E590045F29D /* Debug */,
				8BF1FF9B1FA21E590045F29D /* Release */,
			);
			defaultConfigurationIsVisible = 0;
			defaultConfigurationName = Release;
		};
		8BF1FF9C1FA21E590045F29D /* Build configuration list for PBXNativeTarget "YoutubeVideoPlayerViewController" */ = {
			isa = XCConfigurationList;
			buildConfigurations = (
				8BF1FF9D1FA21E590045F29D /* Debug */,
				8BF1FF9E1FA21E590045F29D /* Release */,
			);
			defaultConfigurationIsVisible = 0;
			defaultConfigurationName = Release;
		};
/* End XCConfigurationList section */
	};
	rootObject = 8BF1FF821FA21E590045F29D /* Project object */;
}
